
Microsoft Visual Studio Solution File, Format Version 12.00
# Visual Studio Version 16
VisualStudioVersion = 16.0.33214.272
MinimumVisualStudioVersion = 10.0.40219.1
Project("{FAE04EC0-301F-11D3-BF4B-00C04F79EFBC}") = "Logicom_Inventaire_FrontEnd", "Logicom_Inventaire_FrontEnd\Logicom_Inventaire_FrontEnd.csproj", "{A511D9B3-98F9-4B89-95A3-31BDF2734C07}"
EndProject
Project("{FAE04EC0-301F-11D3-BF4B-00C04F79EFBC}") = "Inventaire_BackEnd", "Inventaire_BackEnd\Inventaire_BackEnd.csproj", "{BD5640D1-DA0A-4B00-B19D-09AB6E96AC6C}"
EndProject
Global
	GlobalSection(SolutionConfigurationPlatforms) = preSolution
		Debug|Any CPU = Debug|Any CPU
		Release|Any CPU = Release|Any CPU
	EndGlobalSection
	GlobalSection(ProjectConfigurationPlatforms) = postSolution
		{A511D9B3-98F9-4B89-95A3-31BDF2734C07}.Debug|Any CPU.ActiveCfg = Debug|Any CPU
		{A511D9B3-98F9-4B89-95A3-31BDF2734C07}.Debug|Any CPU.Build.0 = Debug|Any CPU
		{A511D9B3-98F9-4B89-95A3-31BDF2734C07}.Release|Any CPU.ActiveCfg = Release|Any CPU
		{A511D9B3-98F9-4B89-95A3-31BDF2734C07}.Release|Any CPU.Build.0 = Release|Any CPU
		{BD5640D1-DA0A-4B00-B19D-09AB6E96AC6C}.Debug|Any CPU.ActiveCfg = Debug|Any CPU
		{BD5640D1-DA0A-4B00-B19D-09AB6E96AC6C}.Debug|Any CPU.Build.0 = Debug|Any CPU
		{BD5640D1-DA0A-4B00-B19D-09AB6E96AC6C}.Release|Any CPU.ActiveCfg = Release|Any CPU
		{BD5640D1-DA0A-4B00-B19D-09AB6E96AC6C}.Release|Any CPU.Build.0 = Release|Any CPU
	EndGlobalSection
	GlobalSection(SolutionProperties) = preSolution
		HideSolutionNode = FALSE
	EndGlobalSection
	GlobalSection(ExtensibilityGlobals) = postSolution
		SolutionGuid = {1BD32BE1-FB0A-4EA3-88BB-A1CA67D9B1AF}
	EndGlobalSection
EndGlobal
